
Microsoft Visual Studio Solution File, Format Version 12.00
# Visual Studio Version 17
VisualStudioVersion = 17.8.34309.116
MinimumVisualStudioVersion = 10.0.40219.1
Project("{FAE04EC0-301F-11D3-BF4B-00C04F79EFBC}") = "Assignment04", "Assignment04\Assignment04.csproj", "{003F42AA-B28E-4341-9623-EDA828DA9F49}"
EndProject
Global
	GlobalSection(SolutionConfigurationPlatforms) = preSolution
		Debug|Any CPU = Debug|Any CPU
		Release|Any CPU = Release|Any CPU
	EndGlobalSection
	GlobalSection(ProjectConfigurationPlatforms) = postSolution
		{003F42AA-B28E-4341-9623-EDA828DA9F49}.Debug|Any CPU.ActiveCfg = Debug|Any CPU
		{003F42AA-B28E-4341-9623-EDA828DA9F49}.Debug|Any CPU.Build.0 = Debug|Any CPU
		{003F42AA-B28E-4341-9623-EDA828DA9F49}.Release|Any CPU.ActiveCfg = Release|Any CPU
		{003F42AA-B28E-4341-9623-EDA828DA9F49}.Release|Any CPU.Build.0 = Release|Any CPU
	EndGlobalSection
	GlobalSection(SolutionProperties) = preSolution
		HideSolutionNode = FALSE
	EndGlobalSection
	GlobalSection(ExtensibilityGlobals) = postSolution
		SolutionGuid = {C2498D49-3E24-4B52-A95B-E0C02A48A944}
	EndGlobalSection
EndGlobal
